// !$*UTF8*$!
{
	archiveVersion = 1;
	classes = {
	};
	objectVersion = 48;
	objects = {

/* Begin PBXBuildFile section */
		506C82E21F8C2BD800982ED2 /* AppDelegate.swift in Sources */ = {isa = PBXBuildFile; fileRef = 506C82E11F8C2BD800982ED2 /* AppDelegate.swift */; };
		506C82E41F8C2BD900982ED2 /* ViewController.swift in Sources */ = {isa = PBXBuildFile; fileRef = 506C82E31F8C2BD900982ED2 /* ViewController.swift */; };
		506C82E71F8C2BD900982ED2 /* Main.storyboard in Resources */ = {isa = PBXBuildFile; fileRef = 506C82E51F8C2BD900982ED2 /* Main.storyboard */; };
		506C82E91F8C2BD900982ED2 /* Assets.xcassets in Resources */ = {isa = PBXBuildFile; fileRef = 506C82E81F8C2BD900982ED2 /* Assets.xcassets */; };
		506C82EC1F8C2BD900982ED2 /* LaunchScreen.storyboard in Resources */ = {isa = PBXBuildFile; fileRef = 506C82EA1F8C2BD900982ED2 /* LaunchScreen.storyboard */; };
		506C82F71F8C2BD900982ED2 /* QuizTests.swift in Sources */ = {isa = PBXBuildFile; fileRef = 506C82F61F8C2BD900982ED2 /* QuizTests.swift */; };
		506C83021F8C2BD900982ED2 /* QuizUITests.swift in Sources */ = {isa = PBXBuildFile; fileRef = 506C83011F8C2BD900982ED2 /* QuizUITests.swift */; };
/* End PBXBuildFile section */

/* Begin PBXContainerItemProxy section */
		506C82F31F8C2BD900982ED2 /* PBXContainerItemProxy */ = {
			isa = PBXContainerItemProxy;
			containerPortal = 506C82D61F8C2BD800982ED2 /* Project object */;
			proxyType = 1;
			remoteGlobalIDString = 506C82DD1F8C2BD800982ED2;
			remoteInfo = Quiz;
		};
		506C82FE1F8C2BD900982ED2 /* PBXContainerItemProxy */ = {
			isa = PBXContainerItemProxy;
			containerPortal = 506C82D61F8C2BD800982ED2 /* Project object */;
			proxyType = 1;
			remoteGlobalIDString = 506C82DD1F8C2BD800982ED2;
			remoteInfo = Quiz;
		};
/* End PBXContainerItemProxy section */

/* Begin PBXFileReference section */
		506C82DE1F8C2BD800982ED2 /* Quiz.app */ = {isa = PBXFileReference; explicitFileType = wrapper.application; includeInIndex = 0; path = Quiz.app; sourceTree = BUILT_PRODUCTS_DIR; };
		506C82E11F8C2BD800982ED2 /* AppDelegate.swift */ = {isa = PBXFileReference; lastKnownFileType = sourcecode.swift; path = AppDelegate.swift; sourceTree = "<group>"; };
		506C82E31F8C2BD900982ED2 /* ViewController.swift */ = {isa = PBXFileReference; lastKnownFileType = sourcecode.swift; path = ViewController.swift; sourceTree = "<group>"; };
		506C82E61F8C2BD900982ED2 /* Base */ = {isa = PBXFileReference; lastKnownFileType = file.storyboard; name = Base; path = Base.lproj/Main.storyboard; sourceTree = "<group>"; };
		506C82E81F8C2BD900982ED2 /* Assets.xcassets */ = {isa = PBXFileReference; lastKnownFileType = folder.assetcatalog; path = Assets.xcassets; sourceTree = "<group>"; };
		506C82EB1F8C2BD900982ED2 /* Base */ = {isa = PBXFileReference; lastKnownFileType = file.storyboard; name = Base; path = Base.lproj/LaunchScreen.storyboard; sourceTree = "<group>"; };
		506C82ED1F8C2BD900982ED2 /* Info.plist */ = {isa = PBXFileReference; lastKnownFileType = text.plist.xml; path = Info.plist; sourceTree = "<group>"; };
		506C82F21F8C2BD900982ED2 /* QuizTests.xctest */ = {isa = PBXFileReference; explicitFileType = wrapper.cfbundle; includeInIndex = 0; path = QuizTests.xctest; sourceTree = BUILT_PRODUCTS_DIR; };
		506C82F61F8C2BD900982ED2 /* QuizTests.swift */ = {isa = PBXFileReference; lastKnownFileType = sourcecode.swift; path = QuizTests.swift; sourceTree = "<group>"; };
		506C82F81F8C2BD900982ED2 /* Info.plist */ = {isa = PBXFileReference; lastKnownFileType = text.plist.xml; path = Info.plist; sourceTree = "<group>"; };
		506C82FD1F8C2BD900982ED2 /* QuizUITests.xctest */ = {isa = PBXFileReference; explicitFileType = wrapper.cfbundle; includeInIndex = 0; path = QuizUITests.xctest; sourceTree = BUILT_PRODUCTS_DIR; };
		506C83011F8C2BD900982ED2 /* QuizUITests.swift */ = {isa = PBXFileReference; lastKnownFileType = sourcecode.swift; path = QuizUITests.swift; sourceTree = "<group>"; };
		506C83031F8C2BD900982ED2 /* Info.plist */ = {isa = PBXFileReference; lastKnownFileType = text.plist.xml; path = Info.plist; sourceTree = "<group>"; };
/* End PBXFileReference section */

/* Begin PBXFrameworksBuildPhase section */
		506C82DB1F8C2BD800982ED2 /* Frameworks */ = {
			isa = PBXFrameworksBuildPhase;
			buildActionMask = 2147483647;
			files = (
			);
			runOnlyForDeploymentPostprocessing = 0;
		};
		506C82EF1F8C2BD900982ED2 /* Frameworks */ = {
			isa = PBXFrameworksBuildPhase;
			buildActionMask = 2147483647;
			files = (
			);
			runOnlyForDeploymentPostprocessing = 0;
		};
		506C82FA1F8C2BD900982ED2 /* Frameworks */ = {
			isa = PBXFrameworksBuildPhase;
			buildActionMask = 2147483647;
			files = (
			);
			runOnlyForDeploymentPostprocessing = 0;
		};
/* End PBXFrameworksBuildPhase section */

/* Begin PBXGroup section */
		506C82D51F8C2BD800982ED2 = {
			isa = PBXGroup;
			children = (
				506C82E01F8C2BD800982ED2 /* Quiz */,
				506C82F51F8C2BD900982ED2 /* QuizTests */,
				506C83001F8C2BD900982ED2 /* QuizUITests */,
				506C82DF1F8C2BD800982ED2 /* Products */,
			);
			sourceTree = "<group>";
		};
		506C82DF1F8C2BD800982ED2 /* Products */ = {
			isa = PBXGroup;
			children = (
				506C82DE1F8C2BD800982ED2 /* Quiz.app */,
				506C82F21F8C2BD900982ED2 /* QuizTests.xctest */,
				506C82FD1F8C2BD900982ED2 /* QuizUITests.xctest */,
			);
			name = Products;
			sourceTree = "<group>";
		};
		506C82E01F8C2BD800982ED2 /* Quiz */ = {
			isa = PBXGroup;
			children = (
				506C82E11F8C2BD800982ED2 /* AppDelegate.swift */,
				506C82E31F8C2BD900982ED2 /* ViewController.swift */,
				506C82E51F8C2BD900982ED2 /* Main.storyboard */,
				506C82E81F8C2BD900982ED2 /* Assets.xcassets */,
				506C82EA1F8C2BD900982ED2 /* LaunchScreen.storyboard */,
				506C82ED1F8C2BD900982ED2 /* Info.plist */,
			);
			path = Quiz;
			sourceTree = "<group>";
		};
		506C82F51F8C2BD900982ED2 /* QuizTests */ = {
			isa = PBXGroup;
			children = (
				506C82F61F8C2BD900982ED2 /* QuizTests.swift */,
				506C82F81F8C2BD900982ED2 /* Info.plist */,
			);
			path = QuizTests;
			sourceTree = "<group>";
		};
		506C83001F8C2BD900982ED2 /* QuizUITests */ = {
			isa = PBXGroup;
			children = (
				506C83011F8C2BD900982ED2 /* QuizUITests.swift */,
				506C83031F8C2BD900982ED2 /* Info.plist */,
			);
			path = QuizUITests;
			sourceTree = "<group>";
		};
/* End PBXGroup section */

/* Begin PBXNativeTarget section */
		506C82DD1F8C2BD800982ED2 /* Quiz */ = {
			isa = PBXNativeTarget;
			buildConfigurationList = 506C83061F8C2BD900982ED2 /* Build configuration list for PBXNativeTarget "Quiz" */;
			buildPhases = (
				506C82DA1F8C2BD800982ED2 /* Sources */,
				506C82DB1F8C2BD800982ED2 /* Frameworks */,
				506C82DC1F8C2BD800982ED2 /* Resources */,
			);
			buildRules = (
			);
			dependencies = (
			);
			name = Quiz;
			productName = Quiz;
			productReference = 506C82DE1F8C2BD800982ED2 /* Quiz.app */;
			productType = "com.apple.product-type.application";
		};
		506C82F11F8C2BD900982ED2 /* QuizTests */ = {
			isa = PBXNativeTarget;
			buildConfigurationList = 506C83091F8C2BD900982ED2 /* Build configuration list for PBXNativeTarget "QuizTests" */;
			buildPhases = (
				506C82EE1F8C2BD900982ED2 /* Sources */,
				506C82EF1F8C2BD900982ED2 /* Frameworks */,
				506C82F01F8C2BD900982ED2 /* Resources */,
			);
			buildRules = (
			);
			dependencies = (
				506C82F41F8C2BD900982ED2 /* PBXTargetDependency */,
			);
			name = QuizTests;
			productName = QuizTests;
			productReference = 506C82F21F8C2BD900982ED2 /* QuizTests.xctest */;
			productType = "com.apple.product-type.bundle.unit-test";
		};
		506C82FC1F8C2BD900982ED2 /* QuizUITests */ = {
			isa = PBXNativeTarget;
			buildConfigurationList = 506C830C1F8C2BD900982ED2 /* Build configuration list for PBXNativeTarget "QuizUITests" */;
			buildPhases = (
				506C82F91F8C2BD900982ED2 /* Sources */,
				506C82FA1F8C2BD900982ED2 /* Frameworks */,
				506C82FB1F8C2BD900982ED2 /* Resources */,
			);
			buildRules = (
			);
			dependencies = (
				506C82FF1F8C2BD900982ED2 /* PBXTargetDependency */,
			);
			name = QuizUITests;
			productName = QuizUITests;
			productReference = 506C82FD1F8C2BD900982ED2 /* QuizUITests.xctest */;
			productType = "com.apple.product-type.bundle.ui-testing";
		};
/* End PBXNativeTarget section */

/* Begin PBXProject section */
		506C82D61F8C2BD800982ED2 /* Project object */ = {
			isa = PBXProject;
			attributes = {
				LastSwiftUpdateCheck = 0900;
				LastUpgradeCheck = 0900;
				ORGANIZATIONNAME = "Christopher Lee";
				TargetAttributes = {
					506C82DD1F8C2BD800982ED2 = {
						CreatedOnToolsVersion = 9.0;
						ProvisioningStyle = Automatic;
					};
					506C82F11F8C2BD900982ED2 = {
						CreatedOnToolsVersion = 9.0;
						ProvisioningStyle = Automatic;
						TestTargetID = 506C82DD1F8C2BD800982ED2;
					};
					506C82FC1F8C2BD900982ED2 = {
						CreatedOnToolsVersion = 9.0;
						ProvisioningStyle = Automatic;
						TestTargetID = 506C82DD1F8C2BD800982ED2;
					};
				};
			};
			buildConfigurationList = 506C82D91F8C2BD800982ED2 /* Build configuration list for PBXProject "Quiz" */;
			compatibilityVersion = "Xcode 8.0";
			developmentRegion = en;
			hasScannedForEncodings = 0;
			knownRegions = (
				en,
				Base,
			);
			mainGroup = 506C82D51F8C2BD800982ED2;
			productRefGroup = 506C82DF1F8C2BD800982ED2 /* Products */;
			projectDirPath = "";
			projectRoot = "";
			targets = (
				506C82DD1F8C2BD800982ED2 /* Quiz */,
				506C82F11F8C2BD900982ED2 /* QuizTests */,
				506C82FC1F8C2BD900982ED2 /* QuizUITests */,
			);
		};
/* End PBXProject section */

/* Begin PBXResourcesBuildPhase section */
		506C82DC1F8C2BD800982ED2 /* Resources */ = {
			isa = PBXResourcesBuildPhase;
			buildActionMask = 2147483647;
			files = (
				506C82EC1F8C2BD900982ED2 /* LaunchScreen.storyboard in Resources */,
				506C82E91F8C2BD900982ED2 /* Assets.xcassets in Resources */,
				506C82E71F8C2BD900982ED2 /* Main.storyboard in Resources */,
			);
			runOnlyForDeploymentPostprocessing = 0;
		};
		506C82F01F8C2BD900982ED2 /* Resources */ = {
			isa = PBXResourcesBuildPhase;
			buildActionMask = 2147483647;
			files = (
			);
			runOnlyForDeploymentPostprocessing = 0;
		};
		506C82FB1F8C2BD900982ED2 /* Resources */ = {
			isa = PBXResourcesBuildPhase;
			buildActionMask = 2147483647;
			files = (
			);
			runOnlyForDeploymentPostprocessing = 0;
		};
/* End PBXResourcesBuildPhase section */

/* Begin PBXSourcesBuildPhase section */
		506C82DA1F8C2BD800982ED2 /* Sources */ = {
			isa = PBXSourcesBuildPhase;
			buildActionMask = 2147483647;
			files = (
				506C82E41F8C2BD900982ED2 /* ViewController.swift in Sources */,
				506C82E21F8C2BD800982ED2 /* AppDelegate.swift in Sources */,
			);
			runOnlyForDeploymentPostprocessing = 0;
		};
		506C82EE1F8C2BD900982ED2 /* Sources */ = {
			isa = PBXSourcesBuildPhase;
			buildActionMask = 2147483647;
			files = (
				506C82F71F8C2BD900982ED2 /* QuizTests.swift in Sources */,
			);
			runOnlyForDeploymentPostprocessing = 0;
		};
		506C82F91F8C2BD900982ED2 /* Sources */ = {
			isa = PBXSourcesBuildPhase;
			buildActionMask = 2147483647;
			files = (
				506C83021F8C2BD900982ED2 /* QuizUITests.swift in Sources */,
			);
			runOnlyForDeploymentPostprocessing = 0;
		};
/* End PBXSourcesBuildPhase section */

/* Begin PBXTargetDependency section */
		506C82F41F8C2BD900982ED2 /* PBXTargetDependency */ = {
			isa = PBXTargetDependency;
			target = 506C82DD1F8C2BD800982ED2 /* Quiz */;
			targetProxy = 506C82F31F8C2BD900982ED2 /* PBXContainerItemProxy */;
		};
		506C82FF1F8C2BD900982ED2 /* PBXTargetDependency */ = {
			isa = PBXTargetDependency;
			target = 506C82DD1F8C2BD800982ED2 /* Quiz */;
			targetProxy = 506C82FE1F8C2BD900982ED2 /* PBXContainerItemProxy */;
		};
/* End PBXTargetDependency section */

/* Begin PBXVariantGroup section */
		506C82E51F8C2BD900982ED2 /* Main.storyboard */ = {
			isa = PBXVariantGroup;
			children = (
				506C82E61F8C2BD900982ED2 /* Base */,
			);
			name = Main.storyboard;
			sourceTree = "<group>";
		};
		506C82EA1F8C2BD900982ED2 /* LaunchScreen.storyboard */ = {
			isa = PBXVariantGroup;
			children = (
				506C82EB1F8C2BD900982ED2 /* Base */,
			);
			name = LaunchScreen.storyboard;
			sourceTree = "<group>";
		};
/* End PBXVariantGroup section */

/* Begin XCBuildConfiguration section */
		506C83041F8C2BD900982ED2 /* Debug */ = {
			isa = XCBuildConfiguration;
			buildSettings = {
				ALWAYS_SEARCH_USER_PATHS = NO;
				CLANG_ANALYZER_NONNULL = YES;
				CLANG_ANALYZER_NUMBER_OBJECT_CONVERSION = YES_AGGRESSIVE;
				CLANG_CXX_LANGUAGE_STANDARD = "gnu++14";
				CLANG_CXX_LIBRARY = "libc++";
				CLANG_ENABLE_MODULES = YES;
				CLANG_ENABLE_OBJC_ARC = YES;
				CLANG_WARN_BLOCK_CAPTURE_AUTORELEASING = YES;
				CLANG_WARN_BOOL_CONVERSION = YES;
				CLANG_WARN_COMMA = YES;
				CLANG_WARN_CONSTANT_CONVERSION = YES;
				CLANG_WARN_DIRECT_OBJC_ISA_USAGE = YES_ERROR;
				CLANG_WARN_DOCUMENTATION_COMMENTS = YES;
				CLANG_WARN_EMPTY_BODY = YES;
				CLANG_WARN_ENUM_CONVERSION = YES;
				CLANG_WARN_INFINITE_RECURSION = YES;
				CLANG_WARN_INT_CONVERSION = YES;
				CLANG_WARN_NON_LITERAL_NULL_CONVERSION = YES;
				CLANG_WARN_OBJC_LITERAL_CONVERSION = YES;
				CLANG_WARN_OBJC_ROOT_CLASS = YES_ERROR;
				CLANG_WARN_RANGE_LOOP_ANALYSIS = YES;
				CLANG_WARN_STRICT_PROTOTYPES = YES;
				CLANG_WARN_SUSPICIOUS_MOVE = YES;
				CLANG_WARN_UNGUARDED_AVAILABILITY = YES_AGGRESSIVE;
				CLANG_WARN_UNREACHABLE_CODE = YES;
				CLANG_WARN__DUPLICATE_METHOD_MATCH = YES;
				CODE_SIGN_IDENTITY = "iPhone Developer";
				COPY_PHASE_STRIP = NO;
				DEBUG_INFORMATION_FORMAT = dwarf;
				ENABLE_STRICT_OBJC_MSGSEND = YES;
				ENABLE_TESTABILITY = YES;
				GCC_C_LANGUAGE_STANDARD = gnu11;
				GCC_DYNAMIC_NO_PIC = NO;
				GCC_NO_COMMON_BLOCKS = YES;
				GCC_OPTIMIZATION_LEVEL = 0;
				GCC_PREPROCESSOR_DEFINITIONS = (
					"DEBUG=1",
					"$(inherited)",
				);
				GCC_WARN_64_TO_32_BIT_CONVERSION = YES;
				GCC_WARN_ABOUT_RETURN_TYPE = YES_ERROR;
				GCC_WARN_UNDECLARED_SELECTOR = YES;
				GCC_WARN_UNINITIALIZED_AUTOS = YES_AGGRESSIVE;
				GCC_WARN_UNUSED_FUNCTION = YES;
				GCC_WARN_UNUSED_VARIABLE = YES;
				IPHONEOS_DEPLOYMENT_TARGET = 11.0;
				MTL_ENABLE_DEBUG_INFO = YES;
				ONLY_ACTIVE_ARCH = YES;
				SDKROOT = iphoneos;
				SWIFT_ACTIVE_COMPILATION_CONDITIONS = DEBUG;
				SWIFT_OPTIMIZATION_LEVEL = "-Onone";
			};
			name = Debug;
		};
		506C83051F8C2BD900982ED2 /* Release */ = {
			isa = XCBuildConfiguration;
			buildSettings = {
				ALWAYS_SEARCH_USER_PATHS = NO;
				CLANG_ANALYZER_NONNULL = YES;
				CLANG_ANALYZER_NUMBER_OBJECT_CONVERSION = YES_AGGRESSIVE;
				CLANG_CXX_LANGUAGE_STANDARD = "gnu++14";
				CLANG_CXX_LIBRARY = "libc++";
				CLANG_ENABLE_MODULES = YES;
				CLANG_ENABLE_OBJC_ARC = YES;
				CLANG_WARN_BLOCK_CAPTURE_AUTORELEASING = YES;
				CLANG_WARN_BOOL_CONVERSION = YES;
				CLANG_WARN_COMMA = YES;
				CLANG_WARN_CONSTANT_CONVERSION = YES;
				CLANG_WARN_DIRECT_OBJC_ISA_USAGE = YES_ERROR;
				CLANG_WARN_DOCUMENTATION_COMMENTS = YES;
				CLANG_WARN_EMPTY_BODY = YES;
				CLANG_WARN_ENUM_CONVERSION = YES;
				CLANG_WARN_INFINITE_RECURSION = YES;
				CLANG_WARN_INT_CONVERSION = YES;
				CLANG_WARN_NON_LITERAL_NULL_CONVERSION = YES;
				CLANG_WARN_OBJC_LITERAL_CONVERSION = YES;
				CLANG_WARN_OBJC_ROOT_CLASS = YES_ERROR;
				CLANG_WARN_RANGE_LOOP_ANALYSIS = YES;
				CLANG_WARN_STRICT_PROTOTYPES = YES;
				CLANG_WARN_SUSPICIOUS_MOVE = YES;
				CLANG_WARN_UNGUARDED_AVAILABILITY = YES_AGGRESSIVE;
				CLANG_WARN_UNREACHABLE_CODE = YES;
				CLANG_WARN__DUPLICATE_METHOD_MATCH = YES;
				CODE_SIGN_IDENTITY = "iPhone Developer";
				COPY_PHASE_STRIP = NO;
				DEBUG_INFORMATION_FORMAT = "dwarf-with-dsym";
				ENABLE_NS_ASSERTIONS = NO;
				ENABLE_STRICT_OBJC_MSGSEND = YES;
				GCC_C_LANGUAGE_STANDARD = gnu11;
				GCC_NO_COMMON_BLOCKS = YES;
				GCC_WARN_64_TO_32_BIT_CONVERSION = YES;
				GCC_WARN_ABOUT_RETURN_TYPE = YES_ERROR;
				GCC_WARN_UNDECLARED_SELECTOR = YES;
				GCC_WARN_UNINITIALIZED_AUTOS = YES_AGGRESSIVE;
				GCC_WARN_UNUSED_FUNCTION = YES;
				GCC_WARN_UNUSED_VARIABLE = YES;
				IPHONEOS_DEPLOYMENT_TARGET = 11.0;
				MTL_ENABLE_DEBUG_INFO = NO;
				SDKROOT = iphoneos;
				SWIFT_OPTIMIZATION_LEVEL = "-Owholemodule";
				VALIDATE_PRODUCT = YES;
			};
			name = Release;
		};
		506C83071F8C2BD900982ED2 /* Debug */ = {
			isa = XCBuildConfiguration;
			buildSettings = {
				ASSETCATALOG_COMPILER_APPICON_NAME = AppIcon;
				CODE_SIGN_STYLE = Automatic;
				INFOPLIST_FILE = Quiz/Info.plist;
				LD_RUNPATH_SEARCH_PATHS = "$(inherited) @executable_path/Frameworks";
				PRODUCT_BUNDLE_IDENTIFIER = LeeChristopher.Quiz;
				PRODUCT_NAME = "$(TARGET_NAME)";
				SWIFT_VERSION = 4.0;
				TARGETED_DEVICE_FAMILY = "1,2";
			};
			name = Debug;
		};
		506C83081F8C2BD900982ED2 /* Release */ = {
			isa = XCBuildConfiguration;
			buildSettings = {
				ASSETCATALOG_COMPILER_APPICON_NAME = AppIcon;
				CODE_SIGN_STYLE = Automatic;
				INFOPLIST_FILE = Quiz/Info.plist;
				LD_RUNPATH_SEARCH_PATHS = "$(inherited) @executable_path/Frameworks";
				PRODUCT_BUNDLE_IDENTIFIER = LeeChristopher.Quiz;
				PRODUCT_NAME = "$(TARGET_NAME)";
				SWIFT_VERSION = 4.0;
				TARGETED_DEVICE_FAMILY = "1,2";
			};
			name = Release;
		};
		506C830A1F8C2BD900982ED2 /* Debug */ = {
			isa = XCBuildConfiguration;
			buildSettings = {
				ALWAYS_EMBED_SWIFT_STANDARD_LIBRARIES = YES;
				BUNDLE_LOADER = "$(TEST_HOST)";
				CODE_SIGN_STYLE = Automatic;
				INFOPLIST_FILE = QuizTests/Info.plist;
				LD_RUNPATH_SEARCH_PATHS = "$(inherited) @executable_path/Frameworks @loader_path/Frameworks";
				PRODUCT_BUNDLE_IDENTIFIER = LeeChristopher.QuizTests;
				PRODUCT_NAME = "$(TARGET_NAME)";
				SWIFT_VERSION = 4.0;
				TARGETED_DEVICE_FAMILY = "1,2";
				TEST_HOST = "$(BUILT_PRODUCTS_DIR)/Quiz.app/Quiz";
			};
			name = Debug;
		};
		506C830B1F8C2BD900982ED2 /* Release */ = {
			isa = XCBuildConfiguration;
			buildSettings = {
				ALWAYS_EMBED_SWIFT_STANDARD_LIBRARIES = YES;
				BUNDLE_LOADER = "$(TEST_HOST)";
				CODE_SIGN_STYLE = Automatic;
				INFOPLIST_FILE = QuizTests/Info.plist;
				LD_RUNPATH_SEARCH_PATHS = "$(inherited) @executable_path/Frameworks @loader_path/Frameworks";
				PRODUCT_BUNDLE_IDENTIFIER = LeeChristopher.QuizTests;
				PRODUCT_NAME = "$(TARGET_NAME)";
				SWIFT_VERSION = 4.0;
				TARGETED_DEVICE_FAMILY = "1,2";
				TEST_HOST = "$(BUILT_PRODUCTS_DIR)/Quiz.app/Quiz";
			};
			name = Release;
		};
		506C830D1F8C2BD900982ED2 /* Debug */ = {
			isa = XCBuildConfiguration;
			buildSettings = {
				ALWAYS_EMBED_SWIFT_STANDARD_LIBRARIES = YES;
				CODE_SIGN_STYLE = Automatic;
				INFOPLIST_FILE = QuizUITests/Info.plist;
				LD_RUNPATH_SEARCH_PATHS = "$(inherited) @executable_path/Frameworks @loader_path/Frameworks";
				PRODUCT_BUNDLE_IDENTIFIER = LeeChristopher.QuizUITests;
				PRODUCT_NAME = "$(TARGET_NAME)";
				SWIFT_VERSION = 4.0;
				TARGETED_DEVICE_FAMILY = "1,2";
				TEST_TARGET_NAME = Quiz;
			};
			name = Debug;
		};
		506C830E1F8C2BD900982ED2 /* Release */ = {
			isa = XCBuildConfiguration;
			buildSettings = {
				ALWAYS_EMBED_SWIFT_STANDARD_LIBRARIES = YES;
				CODE_SIGN_STYLE = Automatic;
				INFOPLIST_FILE = QuizUITests/Info.plist;
				LD_RUNPATH_SEARCH_PATHS = "$(inherited) @executable_path/Frameworks @loader_path/Frameworks";
				PRODUCT_BUNDLE_IDENTIFIER = LeeChristopher.QuizUITests;
				PRODUCT_NAME = "$(TARGET_NAME)";
				SWIFT_VERSION = 4.0;
				TARGETED_DEVICE_FAMILY = "1,2";
				TEST_TARGET_NAME = Quiz;
			};
			name = Release;
		};
/* End XCBuildConfiguration section */

/* Begin XCConfigurationList section */
		506C82D91F8C2BD800982ED2 /* Build configuration list for PBXProject "Quiz" */ = {
			isa = XCConfigurationList;
			buildConfigurations = (
				506C83041F8C2BD900982ED2 /* Debug */,
				506C83051F8C2BD900982ED2 /* Release */,
			);
			defaultConfigurationIsVisible = 0;
			defaultConfigurationName = Release;
		};
		506C83061F8C2BD900982ED2 /* Build configuration list for PBXNativeTarget "Quiz" */ = {
			isa = XCConfigurationList;
			buildConfigurations = (
				506C83071F8C2BD900982ED2 /* Debug */,
				506C83081F8C2BD900982ED2 /* Release */,
			);
			defaultConfigurationIsVisible = 0;
			defaultConfigurationName = Release;
		};
		506C83091F8C2BD900982ED2 /* Build configuration list for PBXNativeTarget "QuizTests" */ = {
			isa = XCConfigurationList;
			buildConfigurations = (
				506C830A1F8C2BD900982ED2 /* Debug */,
				506C830B1F8C2BD900982ED2 /* Release */,
			);
			defaultConfigurationIsVisible = 0;
			defaultConfigurationName = Release;
		};
		506C830C1F8C2BD900982ED2 /* Build configuration list for PBXNativeTarget "QuizUITests" */ = {
			isa = XCConfigurationList;
			buildConfigurations = (
				506C830D1F8C2BD900982ED2 /* Debug */,
				506C830E1F8C2BD900982ED2 /* Release */,
			);
			defaultConfigurationIsVisible = 0;
			defaultConfigurationName = Release;
		};
/* End XCConfigurationList section */
	};
	rootObject = 506C82D61F8C2BD800982ED2 /* Project object */;
}
